Microsoft Visual Studio Solution File, Format Version 8.00
Project("{8BC9CEB8-8B4A-11D0-8D11-00A0C91BC942}") = "Bliss.Mfc", "Bliss.vcproj", "{124CF7CF-B0BE-478D-AC37-D90056856807}"
	ProjectSection(ProjectDependencies) = postProject
		{1D1277FA-EA81-44BC-A2AA-A69FC4CEC793} = {1D1277FA-EA81-44BC-A2AA-A69FC4CEC793}
	EndProjectSection
EndProject
Project("{8BC9CEB8-8B4A-11D0-8D11-00A0C91BC942}") = "zlib", "..\..\thirdparty\zlib122\projects\visualc6\zlib.vcproj", "{1D1277FA-EA81-44BC-A2AA-A69FC4CEC793}"
	ProjectSection(ProjectDependencies) = postProject
	EndProjectSection
EndProject
Global
	GlobalSection(SolutionConfiguration) = preSolution
		Debug = Debug
		DLL ASM Debug = DLL ASM Debug
		DLL ASM Release = DLL ASM Release
		DLL Debug = DLL Debug
		DLL Release = DLL Release
		LIB ASM Debug = LIB ASM Debug
		LIB ASM Release = LIB ASM Release
		LIB Debug = LIB Debug
		LIB Release = LIB Release
		Release = Release
	EndGlobalSection
	GlobalSection(ProjectConfiguration) = postSolution
		{124CF7CF-B0BE-478D-AC37-D90056856807}.Debug.ActiveCfg = Debug|Win32
		{124CF7CF-B0BE-478D-AC37-D90056856807}.Debug.Build.0 = Debug|Win32
		{124CF7CF-B0BE-478D-AC37-D90056856807}.DLL ASM Debug.ActiveCfg = Debug|Win32
		{124CF7CF-B0BE-478D-AC37-D90056856807}.DLL ASM Debug.Build.0 = Debug|Win32
		{124CF7CF-B0BE-478D-AC37-D90056856807}.DLL ASM Release.ActiveCfg = Release|Win32
		{124CF7CF-B0BE-478D-AC37-D90056856807}.DLL ASM Release.Build.0 = Release|Win32
		{124CF7CF-B0BE-478D-AC37-D90056856807}.DLL Debug.ActiveCfg = Debug|Win32
		{124CF7CF-B0BE-478D-AC37-D90056856807}.DLL Debug.Build.0 = Debug|Win32
		{124CF7CF-B0BE-478D-AC37-D90056856807}.DLL Release.ActiveCfg = Release|Win32
		{124CF7CF-B0BE-478D-AC37-D90056856807}.DLL Release.Build.0 = Release|Win32
		{124CF7CF-B0BE-478D-AC37-D90056856807}.LIB ASM Debug.ActiveCfg = Debug|Win32
		{124CF7CF-B0BE-478D-AC37-D90056856807}.LIB ASM Debug.Build.0 = Debug|Win32
		{124CF7CF-B0BE-478D-AC37-D90056856807}.LIB ASM Release.ActiveCfg = Release|Win32
		{124CF7CF-B0BE-478D-AC37-D90056856807}.LIB ASM Release.Build.0 = Release|Win32
		{124CF7CF-B0BE-478D-AC37-D90056856807}.LIB Debug.ActiveCfg = Debug|Win32
		{124CF7CF-B0BE-478D-AC37-D90056856807}.LIB Debug.Build.0 = Debug|Win32
		{124CF7CF-B0BE-478D-AC37-D90056856807}.LIB Release.ActiveCfg = Release|Win32
		{124CF7CF-B0BE-478D-AC37-D90056856807}.LIB Release.Build.0 = Release|Win32
		{124CF7CF-B0BE-478D-AC37-D90056856807}.Release.ActiveCfg = Release|Win32
		{124CF7CF-B0BE-478D-AC37-D90056856807}.Release.Build.0 = Release|Win32
		{4FE7DF4B-DD24-4F20-A874-880A82D3F620}.Debug.ActiveCfg = Debug
		{4FE7DF4B-DD24-4F20-A874-880A82D3F620}.DLL ASM Debug.ActiveCfg = Debug
		{4FE7DF4B-DD24-4F20-A874-880A82D3F620}.DLL ASM Debug.Build.0 = Debug
		{4FE7DF4B-DD24-4F20-A874-880A82D3F620}.DLL ASM Release.ActiveCfg = Release
		{4FE7DF4B-DD24-4F20-A874-880A82D3F620}.DLL ASM Release.Build.0 = Release
		{4FE7DF4B-DD24-4F20-A874-880A82D3F620}.DLL Debug.ActiveCfg = Debug
		{4FE7DF4B-DD24-4F20-A874-880A82D3F620}.DLL Debug.Build.0 = Debug
		{4FE7DF4B-DD24-4F20-A874-880A82D3F620}.DLL Release.ActiveCfg = Release
		{4FE7DF4B-DD24-4F20-A874-880A82D3F620}.DLL Release.Build.0 = Release
		{4FE7DF4B-DD24-4F20-A874-880A82D3F620}.LIB ASM Debug.ActiveCfg = Debug
		{4FE7DF4B-DD24-4F20-A874-880A82D3F620}.LIB ASM Debug.Build.0 = Debug
		{4FE7DF4B-DD24-4F20-A874-880A82D3F620}.LIB ASM Release.ActiveCfg = Release
		{4FE7DF4B-DD24-4F20-A874-880A82D3F620}.LIB ASM Release.Build.0 = Release
		{4FE7DF4B-DD24-4F20-A874-880A82D3F620}.LIB Debug.ActiveCfg = Debug
		{4FE7DF4B-DD24-4F20-A874-880A82D3F620}.LIB Debug.Build.0 = Debug
		{4FE7DF4B-DD24-4F20-A874-880A82D3F620}.LIB Release.ActiveCfg = Release
		{4FE7DF4B-DD24-4F20-A874-880A82D3F620}.LIB Release.Build.0 = Release
		{4FE7DF4B-DD24-4F20-A874-880A82D3F620}.Release.ActiveCfg = Release
		{1D1277FA-EA81-44BC-A2AA-A69FC4CEC793}.Debug.ActiveCfg = LIB Debug|Win32
		{1D1277FA-EA81-44BC-A2AA-A69FC4CEC793}.Debug.Build.0 = LIB Debug|Win32
		{1D1277FA-EA81-44BC-A2AA-A69FC4CEC793}.DLL ASM Debug.ActiveCfg = DLL ASM Debug|Win32
		{1D1277FA-EA81-44BC-A2AA-A69FC4CEC793}.DLL ASM Debug.Build.0 = DLL ASM Debug|Win32
		{1D1277FA-EA81-44BC-A2AA-A69FC4CEC793}.DLL ASM Release.ActiveCfg = DLL ASM Release|Win32
		{1D1277FA-EA81-44BC-A2AA-A69FC4CEC793}.DLL ASM Release.Build.0 = DLL ASM Release|Win32
		{1D1277FA-EA81-44BC-A2AA-A69FC4CEC793}.DLL Debug.ActiveCfg = DLL Debug|Win32
		{1D1277FA-EA81-44BC-A2AA-A69FC4CEC793}.DLL Debug.Build.0 = DLL Debug|Win32
		{1D1277FA-EA81-44BC-A2AA-A69FC4CEC793}.DLL Release.ActiveCfg = DLL Release|Win32
		{1D1277FA-EA81-44BC-A2AA-A69FC4CEC793}.DLL Release.Build.0 = DLL Release|Win32
		{1D1277FA-EA81-44BC-A2AA-A69FC4CEC793}.LIB ASM Debug.ActiveCfg = LIB ASM Debug|Win32
		{1D1277FA-EA81-44BC-A2AA-A69FC4CEC793}.LIB ASM Debug.Build.0 = LIB ASM Debug|Win32
		{1D1277FA-EA81-44BC-A2AA-A69FC4CEC793}.LIB ASM Release.ActiveCfg = LIB ASM Release|Win32
		{1D1277FA-EA81-44BC-A2AA-A69FC4CEC793}.LIB ASM Release.Build.0 = LIB ASM Release|Win32
		{1D1277FA-EA81-44BC-A2AA-A69FC4CEC793}.LIB Debug.ActiveCfg = LIB Debug|Win32
		{1D1277FA-EA81-44BC-A2AA-A69FC4CEC793}.LIB Debug.Build.0 = LIB Debug|Win32
		{1D1277FA-EA81-44BC-A2AA-A69FC4CEC793}.LIB Release.ActiveCfg = LIB Release|Win32
		{1D1277FA-EA81-44BC-A2AA-A69FC4CEC793}.LIB Release.Build.0 = LIB Release|Win32
		{1D1277FA-EA81-44BC-A2AA-A69FC4CEC793}.Release.ActiveCfg = LIB Release|Win32
		{1D1277FA-EA81-44BC-A2AA-A69FC4CEC793}.Release.Build.0 = LIB Release|Win32
	EndGlobalSection
	GlobalSection(ExtensibilityGlobals) = postSolution
	EndGlobalSection
	GlobalSection(ExtensibilityAddIns) = postSolution
	EndGlobalSection
EndGlobal
